
Microsoft Visual Studio Solution File, Format Version 12.00
# Visual Studio Version 17
VisualStudioVersion = 17.7.34018.315
MinimumVisualStudioVersion = 10.0.40219.1
Project("{FAE04EC0-301F-11D3-BF4B-00C04F79EFBC}") = "lektion-sep-11", "lektion-sep-11\lektion-sep-11.csproj", "{EEF38063-C31F-445B-86C2-2E334CE25BFE}"
EndProject
Global
	GlobalSection(SolutionConfigurationPlatforms) = preSolution
		Debug|Any CPU = Debug|Any CPU
		Release|Any CPU = Release|Any CPU
	EndGlobalSection
	GlobalSection(ProjectConfigurationPlatforms) = postSolution
		{EEF38063-C31F-445B-86C2-2E334CE25BFE}.Debug|Any CPU.ActiveCfg = Debug|Any CPU
		{EEF38063-C31F-445B-86C2-2E334CE25BFE}.Debug|Any CPU.Build.0 = Debug|Any CPU
		{EEF38063-C31F-445B-86C2-2E334CE25BFE}.Release|Any CPU.ActiveCfg = Release|Any CPU
		{EEF38063-C31F-445B-86C2-2E334CE25BFE}.Release|Any CPU.Build.0 = Release|Any CPU
	EndGlobalSection
	GlobalSection(SolutionProperties) = preSolution
		HideSolutionNode = FALSE
	EndGlobalSection
	GlobalSection(ExtensibilityGlobals) = postSolution
		SolutionGuid = {E4C75242-4399-4B05-9C32-60364D105474}
	EndGlobalSection
EndGlobal
